// !$*UTF8*$!
{
	archiveVersion = 1;
	classes = {
	};
	objectVersion = 50;
	objects = {

/* Begin PBXBuildFile section */
		F76E1B37209B31370008DC73 /* ExtensionViewController.swift in Sources */ = {isa = PBXBuildFile; fileRef = F76E1B36209B31370008DC73 /* ExtensionViewController.swift */; };
		F7D34B9C209A9FC300B8F448 /* AppDelegate.swift in Sources */ = {isa = PBXBuildFile; fileRef = F7D34B9B209A9FC300B8F448 /* AppDelegate.swift */; };
		F7D34B9E209A9FC300B8F448 /* ViewController.swift in Sources */ = {isa = PBXBuildFile; fileRef = F7D34B9D209A9FC300B8F448 /* ViewController.swift */; };
		F7D34BA1209A9FC300B8F448 /* Main.storyboard in Resources */ = {isa = PBXBuildFile; fileRef = F7D34B9F209A9FC300B8F448 /* Main.storyboard */; };
		F7D34BA3209A9FC500B8F448 /* Assets.xcassets in Resources */ = {isa = PBXBuildFile; fileRef = F7D34BA2209A9FC500B8F448 /* Assets.xcassets */; };
		F7D34BA6209A9FC500B8F448 /* LaunchScreen.storyboard in Resources */ = {isa = PBXBuildFile; fileRef = F7D34BA4209A9FC500B8F448 /* LaunchScreen.storyboard */; };
		F7D34BAE209AFF9100B8F448 /* maru@2x.png in Resources */ = {isa = PBXBuildFile; fileRef = F7D34BAD209AFF9100B8F448 /* maru@2x.png */; };
/* End PBXBuildFile section */

/* Begin PBXFileReference section */
		F76E1B36209B31370008DC73 /* ExtensionViewController.swift */ = {isa = PBXFileReference; fileEncoding = 4; lastKnownFileType = sourcecode.swift; name = ExtensionViewController.swift; path = "../../Downloads/Part3_App/Chapter19/Section19-4/avCapturePhoto/avCapturePhoto/ExtensionViewController.swift"; sourceTree = "<group>"; };
		F7D34B98209A9FC300B8F448 /* camera.app */ = {isa = PBXFileReference; explicitFileType = wrapper.application; includeInIndex = 0; path = camera.app; sourceTree = BUILT_PRODUCTS_DIR; };
		F7D34B9B209A9FC300B8F448 /* AppDelegate.swift */ = {isa = PBXFileReference; lastKnownFileType = sourcecode.swift; path = AppDelegate.swift; sourceTree = "<group>"; };
		F7D34B9D209A9FC300B8F448 /* ViewController.swift */ = {isa = PBXFileReference; lastKnownFileType = sourcecode.swift; path = ViewController.swift; sourceTree = "<group>"; };
		F7D34BA0209A9FC300B8F448 /* Base */ = {isa = PBXFileReference; lastKnownFileType = file.storyboard; name = Base; path = Base.lproj/Main.storyboard; sourceTree = "<group>"; };
		F7D34BA2209A9FC500B8F448 /* Assets.xcassets */ = {isa = PBXFileReference; lastKnownFileType = folder.assetcatalog; path = Assets.xcassets; sourceTree = "<group>"; };
		F7D34BA5209A9FC500B8F448 /* Base */ = {isa = PBXFileReference; lastKnownFileType = file.storyboard; name = Base; path = Base.lproj/LaunchScreen.storyboard; sourceTree = "<group>"; };
		F7D34BA7209A9FC500B8F448 /* Info.plist */ = {isa = PBXFileReference; lastKnownFileType = text.plist.xml; path = Info.plist; sourceTree = "<group>"; };
		F7D34BAD209AFF9100B8F448 /* maru@2x.png */ = {isa = PBXFileReference; lastKnownFileType = image.png; path = "maru@2x.png"; sourceTree = "<group>"; };
/* End PBXFileReference section */

/* Begin PBXFrameworksBuildPhase section */
		F7D34B95209A9FC300B8F448 /* Frameworks */ = {
			isa = PBXFrameworksBuildPhase;
			buildActionMask = 2147483647;
			files = (
			);
			runOnlyForDeploymentPostprocessing = 0;
		};
/* End PBXFrameworksBuildPhase section */

/* Begin PBXGroup section */
		F7D34B8F209A9FC300B8F448 = {
			isa = PBXGroup;
			children = (
				F7D34B9A209A9FC300B8F448 /* camera */,
				F7D34B99209A9FC300B8F448 /* Products */,
			);
			sourceTree = "<group>";
		};
		F7D34B99209A9FC300B8F448 /* Products */ = {
			isa = PBXGroup;
			children = (
				F7D34B98209A9FC300B8F448 /* camera.app */,
			);
			name = Products;
			sourceTree = "<group>";
		};
		F7D34B9A209A9FC300B8F448 /* camera */ = {
			isa = PBXGroup;
			children = (
				F7D34B9B209A9FC300B8F448 /* AppDelegate.swift */,
				F7D34B9D209A9FC300B8F448 /* ViewController.swift */,
				F76E1B36209B31370008DC73 /* ExtensionViewController.swift */,
				F7D34B9F209A9FC300B8F448 /* Main.storyboard */,
				F7D34BA2209A9FC500B8F448 /* Assets.xcassets */,
				F7D34BAD209AFF9100B8F448 /* maru@2x.png */,
				F7D34BA4209A9FC500B8F448 /* LaunchScreen.storyboard */,
				F7D34BA7209A9FC500B8F448 /* Info.plist */,
			);
			path = camera;
			sourceTree = "<group>";
		};
/* End PBXGroup section */

/* Begin PBXNativeTarget section */
		F7D34B97209A9FC300B8F448 /* camera */ = {
			isa = PBXNativeTarget;
			buildConfigurationList = F7D34BAA209A9FC500B8F448 /* Build configuration list for PBXNativeTarget "camera" */;
			buildPhases = (
				F7D34B94209A9FC300B8F448 /* Sources */,
				F7D34B95209A9FC300B8F448 /* Frameworks */,
				F7D34B96209A9FC300B8F448 /* Resources */,
			);
			buildRules = (
			);
			dependencies = (
			);
			name = camera;
			productName = camera;
			productReference = F7D34B98209A9FC300B8F448 /* camera.app */;
			productType = "com.apple.product-type.application";
		};
/* End PBXNativeTarget section */

/* Begin PBXProject section */
		F7D34B90209A9FC300B8F448 /* Project object */ = {
			isa = PBXProject;
			attributes = {
				LastSwiftUpdateCheck = 0930;
				LastUpgradeCheck = 0930;
				ORGANIZATIONNAME = keisuke;
				TargetAttributes = {
					F7D34B97209A9FC300B8F448 = {
						CreatedOnToolsVersion = 9.3;
					};
				};
			};
			buildConfigurationList = F7D34B93209A9FC300B8F448 /* Build configuration list for PBXProject "camera" */;
			compatibilityVersion = "Xcode 9.3";
			developmentRegion = en;
			hasScannedForEncodings = 0;
			knownRegions = (
				en,
				Base,
			);
			mainGroup = F7D34B8F209A9FC300B8F448;
			productRefGroup = F7D34B99209A9FC300B8F448 /* Products */;
			projectDirPath = "";
			projectRoot = "";
			targets = (
				F7D34B97209A9FC300B8F448 /* camera */,
			);
		};
/* End PBXProject section */

/* Begin PBXResourcesBuildPhase section */
		F7D34B96209A9FC300B8F448 /* Resources */ = {
			isa = PBXResourcesBuildPhase;
			buildActionMask = 2147483647;
			files = (
				F7D34BA6209A9FC500B8F448 /* LaunchScreen.storyboard in Resources */,
				F7D34BAE209AFF9100B8F448 /* maru@2x.png in Resources */,
				F7D34BA3209A9FC500B8F448 /* Assets.xcassets in Resources */,
				F7D34BA1209A9FC300B8F448 /* Main.storyboard in Resources */,
			);
			runOnlyForDeploymentPostprocessing = 0;
		};
/* End PBXResourcesBuildPhase section */

/* Begin PBXSourcesBuildPhase section */
		F7D34B94209A9FC300B8F448 /* Sources */ = {
			isa = PBXSourcesBuildPhase;
			buildActionMask = 2147483647;
			files = (
				F7D34B9E209A9FC300B8F448 /* ViewController.swift in Sources */,
				F7D34B9C209A9FC300B8F448 /* AppDelegate.swift in Sources */,
				F76E1B37209B31370008DC73 /* ExtensionViewController.swift in Sources */,
			);
			runOnlyForDeploymentPostprocessing = 0;
		};
/* End PBXSourcesBuildPhase section */

/* Begin PBXVariantGroup section */
		F7D34B9F209A9FC300B8F448 /* Main.storyboard */ = {
			isa = PBXVariantGroup;
			children = (
				F7D34BA0209A9FC300B8F448 /* Base */,
			);
			name = Main.storyboard;
			sourceTree = "<group>";
		};
		F7D34BA4209A9FC500B8F448 /* LaunchScreen.storyboard */ = {
			isa = PBXVariantGroup;
			children = (
				F7D34BA5209A9FC500B8F448 /* Base */,
			);
			name = LaunchScreen.storyboard;
			sourceTree = "<group>";
		};
/* End PBXVariantGroup section */

/* Begin XCBuildConfiguration section */
		F7D34BA8209A9FC500B8F448 /* Debug */ = {
			isa = XCBuildConfiguration;
			buildSettings = {
				ALWAYS_SEARCH_USER_PATHS = NO;
				CLANG_ANALYZER_NONNULL = YES;
				CLANG_ANALYZER_NUMBER_OBJECT_CONVERSION = YES_AGGRESSIVE;
				CLANG_CXX_LANGUAGE_STANDARD = "gnu++14";
				CLANG_CXX_LIBRARY = "libc++";
				CLANG_ENABLE_MODULES = YES;
				CLANG_ENABLE_OBJC_ARC = YES;
				CLANG_ENABLE_OBJC_WEAK = YES;
				CLANG_WARN_BLOCK_CAPTURE_AUTORELEASING = YES;
				CLANG_WARN_BOOL_CONVERSION = YES;
				CLANG_WARN_COMMA = YES;
				CLANG_WARN_CONSTANT_CONVERSION = YES;
				CLANG_WARN_DEPRECATED_OBJC_IMPLEMENTATIONS = YES;
				CLANG_WARN_DIRECT_OBJC_ISA_USAGE = YES_ERROR;
				CLANG_WARN_DOCUMENTATION_COMMENTS = YES;
				CLANG_WARN_EMPTY_BODY = YES;
				CLANG_WARN_ENUM_CONVERSION = YES;
				CLANG_WARN_INFINITE_RECURSION = YES;
				CLANG_WARN_INT_CONVERSION = YES;
				CLANG_WARN_NON_LITERAL_NULL_CONVERSION = YES;
				CLANG_WARN_OBJC_IMPLICIT_RETAIN_SELF = YES;
				CLANG_WARN_OBJC_LITERAL_CONVERSION = YES;
				CLANG_WARN_OBJC_ROOT_CLASS = YES_ERROR;
				CLANG_WARN_RANGE_LOOP_ANALYSIS = YES;
				CLANG_WARN_STRICT_PROTOTYPES = YES;
				CLANG_WARN_SUSPICIOUS_MOVE = YES;
				CLANG_WARN_UNGUARDED_AVAILABILITY = YES_AGGRESSIVE;
				CLANG_WARN_UNREACHABLE_CODE = YES;
				CLANG_WARN__DUPLICATE_METHOD_MATCH = YES;
				CODE_SIGN_IDENTITY = "iPhone Developer";
				COPY_PHASE_STRIP = NO;
				DEBUG_INFORMATION_FORMAT = dwarf;
				ENABLE_STRICT_OBJC_MSGSEND = YES;
				ENABLE_TESTABILITY = YES;
				GCC_C_LANGUAGE_STANDARD = gnu11;
				GCC_DYNAMIC_NO_PIC = NO;
				GCC_NO_COMMON_BLOCKS = YES;
				GCC_OPTIMIZATION_LEVEL = 0;
				GCC_PREPROCESSOR_DEFINITIONS = (
					"DEBUG=1",
					"$(inherited)",
				);
				GCC_WARN_64_TO_32_BIT_CONVERSION = YES;
				GCC_WARN_ABOUT_RETURN_TYPE = YES_ERROR;
				GCC_WARN_UNDECLARED_SELECTOR = YES;
				GCC_WARN_UNINITIALIZED_AUTOS = YES_AGGRESSIVE;
				GCC_WARN_UNUSED_FUNCTION = YES;
				GCC_WARN_UNUSED_VARIABLE = YES;
				IPHONEOS_DEPLOYMENT_TARGET = 11.3;
				MTL_ENABLE_DEBUG_INFO = YES;
				ONLY_ACTIVE_ARCH = YES;
				SDKROOT = iphoneos;
				SWIFT_ACTIVE_COMPILATION_CONDITIONS = DEBUG;
				SWIFT_OPTIMIZATION_LEVEL = "-Onone";
			};
			name = Debug;
		};
		F7D34BA9209A9FC500B8F448 /* Release */ = {
			isa = XCBuildConfiguration;
			buildSettings = {
				ALWAYS_SEARCH_USER_PATHS = NO;
				CLANG_ANALYZER_NONNULL = YES;
				CLANG_ANALYZER_NUMBER_OBJECT_CONVERSION = YES_AGGRESSIVE;
				CLANG_CXX_LANGUAGE_STANDARD = "gnu++14";
				CLANG_CXX_LIBRARY = "libc++";
				CLANG_ENABLE_MODULES = YES;
				CLANG_ENABLE_OBJC_ARC = YES;
				CLANG_ENABLE_OBJC_WEAK = YES;
				CLANG_WARN_BLOCK_CAPTURE_AUTORELEASING = YES;
				CLANG_WARN_BOOL_CONVERSION = YES;
				CLANG_WARN_COMMA = YES;
				CLANG_WARN_CONSTANT_CONVERSION = YES;
				CLANG_WARN_DEPRECATED_OBJC_IMPLEMENTATIONS = YES;
				CLANG_WARN_DIRECT_OBJC_ISA_USAGE = YES_ERROR;
				CLANG_WARN_DOCUMENTATION_COMMENTS = YES;
				CLANG_WARN_EMPTY_BODY = YES;
				CLANG_WARN_ENUM_CONVERSION = YES;
				CLANG_WARN_INFINITE_RECURSION = YES;
				CLANG_WARN_INT_CONVERSION = YES;
				CLANG_WARN_NON_LITERAL_NULL_CONVERSION = YES;
				CLANG_WARN_OBJC_IMPLICIT_RETAIN_SELF = YES;
				CLANG_WARN_OBJC_LITERAL_CONVERSION = YES;
				CLANG_WARN_OBJC_ROOT_CLASS = YES_ERROR;
				CLANG_WARN_RANGE_LOOP_ANALYSIS = YES;
				CLANG_WARN_STRICT_PROTOTYPES = YES;
				CLANG_WARN_SUSPICIOUS_MOVE = YES;
				CLANG_WARN_UNGUARDED_AVAILABILITY = YES_AGGRESSIVE;
				CLANG_WARN_UNREACHABLE_CODE = YES;
				CLANG_WARN__DUPLICATE_METHOD_MATCH = YES;
				CODE_SIGN_IDENTITY = "iPhone Developer";
				COPY_PHASE_STRIP = NO;
				DEBUG_INFORMATION_FORMAT = "dwarf-with-dsym";
				ENABLE_NS_ASSERTIONS = NO;
				ENABLE_STRICT_OBJC_MSGSEND = YES;
				GCC_C_LANGUAGE_STANDARD = gnu11;
				GCC_NO_COMMON_BLOCKS = YES;
				GCC_WARN_64_TO_32_BIT_CONVERSION = YES;
				GCC_WARN_ABOUT_RETURN_TYPE = YES_ERROR;
				GCC_WARN_UNDECLARED_SELECTOR = YES;
				GCC_WARN_UNINITIALIZED_AUTOS = YES_AGGRESSIVE;
				GCC_WARN_UNUSED_FUNCTION = YES;
				GCC_WARN_UNUSED_VARIABLE = YES;
				IPHONEOS_DEPLOYMENT_TARGET = 11.3;
				MTL_ENABLE_DEBUG_INFO = NO;
				SDKROOT = iphoneos;
				SWIFT_COMPILATION_MODE = wholemodule;
				SWIFT_OPTIMIZATION_LEVEL = "-O";
				VALIDATE_PRODUCT = YES;
			};
			name = Release;
		};
		F7D34BAB209A9FC500B8F448 /* Debug */ = {
			isa = XCBuildConfiguration;
			buildSettings = {
				ASSETCATALOG_COMPILER_APPICON_NAME = AppIcon;
				CODE_SIGN_STYLE = Automatic;
				DEVELOPMENT_TEAM = DV483A7QXA;
				INFOPLIST_FILE = camera/Info.plist;
				LD_RUNPATH_SEARCH_PATHS = (
					"$(inherited)",
					"@executable_path/Frameworks",
				);
				PRODUCT_BUNDLE_IDENTIFIER = keisuke.camera;
				PRODUCT_NAME = "$(TARGET_NAME)";
				SWIFT_VERSION = 4.0;
				TARGETED_DEVICE_FAMILY = "1,2";
			};
			name = Debug;
		};
		F7D34BAC209A9FC500B8F448 /* Release */ = {
			isa = XCBuildConfiguration;
			buildSettings = {
				ASSETCATALOG_COMPILER_APPICON_NAME = AppIcon;
				CODE_SIGN_STYLE = Automatic;
				DEVELOPMENT_TEAM = DV483A7QXA;
				INFOPLIST_FILE = camera/Info.plist;
				LD_RUNPATH_SEARCH_PATHS = (
					"$(inherited)",
					"@executable_path/Frameworks",
				);
				PRODUCT_BUNDLE_IDENTIFIER = keisuke.camera;
				PRODUCT_NAME = "$(TARGET_NAME)";
				SWIFT_VERSION = 4.0;
				TARGETED_DEVICE_FAMILY = "1,2";
			};
			name = Release;
		};
/* End XCBuildConfiguration section */

/* Begin XCConfigurationList section */
		F7D34B93209A9FC300B8F448 /* Build configuration list for PBXProject "camera" */ = {
			isa = XCConfigurationList;
			buildConfigurations = (
				F7D34BA8209A9FC500B8F448 /* Debug */,
				F7D34BA9209A9FC500B8F448 /* Release */,
			);
			defaultConfigurationIsVisible = 0;
			defaultConfigurationName = Release;
		};
		F7D34BAA209A9FC500B8F448 /* Build configuration list for PBXNativeTarget "camera" */ = {
			isa = XCConfigurationList;
			buildConfigurations = (
				F7D34BAB209A9FC500B8F448 /* Debug */,
				F7D34BAC209A9FC500B8F448 /* Release */,
			);
			defaultConfigurationIsVisible = 0;
			defaultConfigurationName = Release;
		};
/* End XCConfigurationList section */
	};
	rootObject = F7D34B90209A9FC300B8F448 /* Project object */;
}
